
Microsoft Visual Studio Solution File, Format Version 12.00
# Visual Studio Version 16
VisualStudioVersion = 16.0.30804.86
MinimumVisualStudioVersion = 10.0.40219.1
Project("{FAE04EC0-301F-11D3-BF4B-00C04F79EFBC}") = "TicTacToe", "TicTacToe.csproj", "{D47BBD33-0E1D-45B7-A420-93FC1BB1AD9F}"
EndProject
Global
	GlobalSection(SolutionConfigurationPlatforms) = preSolution
		Debug|Any CPU = Debug|Any CPU
		Release|Any CPU = Release|Any CPU
	EndGlobalSection
	GlobalSection(ProjectConfigurationPlatforms) = postSolution
		{D47BBD33-0E1D-45B7-A420-93FC1BB1AD9F}.Debug|Any CPU.ActiveCfg = Debug|Any CPU
		{D47BBD33-0E1D-45B7-A420-93FC1BB1AD9F}.Debug|Any CPU.Build.0 = Debug|Any CPU
		{D47BBD33-0E1D-45B7-A420-93FC1BB1AD9F}.Release|Any CPU.ActiveCfg = Release|Any CPU
		{D47BBD33-0E1D-45B7-A420-93FC1BB1AD9F}.Release|Any CPU.Build.0 = Release|Any CPU
	EndGlobalSection
	GlobalSection(SolutionProperties) = preSolution
		HideSolutionNode = FALSE
	EndGlobalSection
	GlobalSection(ExtensibilityGlobals) = postSolution
		SolutionGuid = {D26716E5-0CAB-4AED-8F86-DFDB0DEE37B9}
	EndGlobalSection
EndGlobal
